
Microsoft Visual Studio Solution File, Format Version 12.00
# Visual Studio Version 16
VisualStudioVersion = 16.0.30517.126
MinimumVisualStudioVersion = 10.0.40219.1
Project("{FAE04EC0-301F-11D3-BF4B-00C04F79EFBC}") = "DoAn", "DoAn\DoAn.csproj", "{A18FCEBB-F94C-4A26-8DE6-9FF5309DBCE5}"
EndProject
Project("{54435603-DBB4-11D2-8724-00A0C9A8B90C}") = "Setup1", "Setup1\Setup1.vdproj", "{2AA0D1A4-1D85-4C85-9B42-99C26008BEBE}"
EndProject
Global
	GlobalSection(SolutionConfigurationPlatforms) = preSolution
		Debug|Any CPU = Debug|Any CPU
		Release|Any CPU = Release|Any CPU
	EndGlobalSection
	GlobalSection(ProjectConfigurationPlatforms) = postSolution
		{A18FCEBB-F94C-4A26-8DE6-9FF5309DBCE5}.Debug|Any CPU.ActiveCfg = Debug|Any CPU
		{A18FCEBB-F94C-4A26-8DE6-9FF5309DBCE5}.Debug|Any CPU.Build.0 = Debug|Any CPU
		{A18FCEBB-F94C-4A26-8DE6-9FF5309DBCE5}.Release|Any CPU.ActiveCfg = Release|Any CPU
		{A18FCEBB-F94C-4A26-8DE6-9FF5309DBCE5}.Release|Any CPU.Build.0 = Release|Any CPU
		{2AA0D1A4-1D85-4C85-9B42-99C26008BEBE}.Debug|Any CPU.ActiveCfg = Debug
		{2AA0D1A4-1D85-4C85-9B42-99C26008BEBE}.Release|Any CPU.ActiveCfg = Release
	EndGlobalSection
	GlobalSection(SolutionProperties) = preSolution
		HideSolutionNode = FALSE
	EndGlobalSection
	GlobalSection(ExtensibilityGlobals) = postSolution
		SolutionGuid = {D2024CF7-F13E-494A-B2F9-7297E4A4ABE6}
	EndGlobalSection
EndGlobal
